
Microsoft Visual Studio Solution File, Format Version 11.00
# Visual Studio 2010
Project("{8BC9CEB8-8B4A-11D0-8D11-00A0C91BC942}") = "MyEngine", "MyEngine\MyEngine.vcxproj", "{26D7FAF2-5E17-44AE-99B2-C5E58CB0E356}"
EndProject
Project("{8BC9CEB8-8B4A-11D0-8D11-00A0C91BC942}") = "MyGame", "MyGame\MyGame.vcxproj", "{9D161E36-8FCA-489C-BA34-C2A74FB56EEF}"
	ProjectSection(ProjectDependencies) = postProject
		{26D7FAF2-5E17-44AE-99B2-C5E58CB0E356} = {26D7FAF2-5E17-44AE-99B2-C5E58CB0E356}
	EndProjectSection
EndProject
Global
	GlobalSection(SubversionScc) = preSolution
		Svn-Managed = True
		Manager = AnkhSVN - Subversion Support for Visual Studio
	EndGlobalSection
	GlobalSection(SolutionConfigurationPlatforms) = preSolution
		Debug|Win32 = Debug|Win32
		Release|Win32 = Release|Win32
	EndGlobalSection
	GlobalSection(ProjectConfigurationPlatforms) = postSolution
		{26D7FAF2-5E17-44AE-99B2-C5E58CB0E356}.Debug|Win32.ActiveCfg = Debug|Win32
		{26D7FAF2-5E17-44AE-99B2-C5E58CB0E356}.Debug|Win32.Build.0 = Debug|Win32
		{26D7FAF2-5E17-44AE-99B2-C5E58CB0E356}.Release|Win32.ActiveCfg = Release|Win32
		{26D7FAF2-5E17-44AE-99B2-C5E58CB0E356}.Release|Win32.Build.0 = Release|Win32
		{9D161E36-8FCA-489C-BA34-C2A74FB56EEF}.Debug|Win32.ActiveCfg = Debug|Win32
		{9D161E36-8FCA-489C-BA34-C2A74FB56EEF}.Debug|Win32.Build.0 = Debug|Win32
		{9D161E36-8FCA-489C-BA34-C2A74FB56EEF}.Release|Win32.ActiveCfg = Release|Win32
		{9D161E36-8FCA-489C-BA34-C2A74FB56EEF}.Release|Win32.Build.0 = Release|Win32
	EndGlobalSection
	GlobalSection(SolutionProperties) = preSolution
		HideSolutionNode = FALSE
	EndGlobalSection
EndGlobal
