<?xml version="1.0" encoding="utf-8"?>
<Project ToolsVersion="4.0" xmlns="http://schemas.microsoft.com/developer/msbuild/2003">
  <ItemGroup>
    <Filter Include="Entity2D">
      <UniqueIdentifier>{1378ece2-fb7c-4d47-815d-1247d2eeb4c4}</UniqueIdentifier>
    </Filter>
    <Filter Include="Renderer">
      <UniqueIdentifier>{c4582e7c-a489-48e5-a0b3-8e1c770886ea}</UniqueIdentifier>
    </Filter>
    <Filter Include="Input">
      <UniqueIdentifier>{39001278-6fe7-40e0-87f0-bc2437e95497}</UniqueIdentifier>
    </Filter>
    <Filter Include="Timer">
      <UniqueIdentifier>{31b45f6a-5835-49c4-a57f-fa48dd24038f}</UniqueIdentifier>
    </Filter>
    <Filter Include="Source Files">
      <UniqueIdentifier>{140ebed6-7632-44a0-8948-96186b8d6f51}</UniqueIdentifier>
    </Filter>
    <Filter Include="Scene">
      <UniqueIdentifier>{5b322e5c-4726-43d2-a5cd-bde3713fc344}</UniqueIdentifier>
    </Filter>
    <Filter Include="xml">
      <UniqueIdentifier>{2a8fdfe4-68ad-40c9-980c-2543517d4b9f}</UniqueIdentifier>
    </Filter>
    <Filter Include="Camera">
      <UniqueIdentifier>{154d09bb-2abe-4d6e-9f63-c477048057fc}</UniqueIdentifier>
    </Filter>
    <Filter Include="Entity3D">
      <UniqueIdentifier>{2020de5e-8634-47d4-8933-6ddbebf71246}</UniqueIdentifier>
    </Filter>
    <Filter Include="VertexBuffer">
      <UniqueIdentifier>{c39620f8-d829-4061-af48-65304c1adb7a}</UniqueIdentifier>
    </Filter>
    <Filter Include="Physics">
      <UniqueIdentifier>{f7d53ec0-5447-4276-b005-50692f9159f4}</UniqueIdentifier>
    </Filter>
  </ItemGroup>
  <ItemGroup>
    <ClCompile Include="Entity2D\Animation.cpp">
      <Filter>Entity2D</Filter>
    </ClCompile>
    <ClCompile Include="Entity2D\Entity2D.cpp">
      <Filter>Entity2D</Filter>
    </ClCompile>
    <ClCompile Include="Entity2D\Quad.cpp">
      <Filter>Entity2D</Filter>
    </ClCompile>
    <ClCompile Include="Entity2D\Sprite.cpp">
      <Filter>Entity2D</Filter>
    </ClCompile>
    <ClCompile Include="Renderer\Renderer.cpp">
      <Filter>Renderer</Filter>
    </ClCompile>
    <ClCompile Include="Renderer\RenderTypes.cpp">
      <Filter>Renderer</Filter>
    </ClCompile>
    <ClCompile Include="Renderer\Vertexbuffer.cpp">
      <Filter>Renderer</Filter>
    </ClCompile>
    <ClCompile Include="Renderer\Window.cpp">
      <Filter>Renderer</Filter>
    </ClCompile>
    <ClCompile Include="Input\directinput.cpp">
      <Filter>Input</Filter>
    </ClCompile>
    <ClCompile Include="Input\input.cpp">
      <Filter>Input</Filter>
    </ClCompile>
    <ClCompile Include="Timer\timer.cpp">
      <Filter>Timer</Filter>
    </ClCompile>
    <ClCompile Include="Engine.cpp">
      <Filter>Source Files</Filter>
    </ClCompile>
    <ClCompile Include="Game.cpp">
      <Filter>Source Files</Filter>
    </ClCompile>
    <ClCompile Include="Scene\Scene.cpp">
      <Filter>Scene</Filter>
    </ClCompile>
    <ClCompile Include="Scene\Import.cpp">
      <Filter>Scene</Filter>
    </ClCompile>
    <ClCompile Include="xml\tinyxml2.cpp">
      <Filter>xml</Filter>
    </ClCompile>
    <ClCompile Include="Font.cpp">
      <Filter>Source Files</Filter>
    </ClCompile>
    <ClCompile Include="Camera\Camera.cpp">
      <Filter>Camera</Filter>
    </ClCompile>
    <ClCompile Include="VertexBuffer\indexbuffer.cpp">
      <Filter>VertexBuffer</Filter>
    </ClCompile>
    <ClCompile Include="Entity3D\Entity3D.cpp">
      <Filter>Entity3D</Filter>
    </ClCompile>
    <ClCompile Include="VertexBuffer\vertexbuffer3D.cpp">
      <Filter>VertexBuffer</Filter>
    </ClCompile>
    <ClCompile Include="Entity3D\Mesh.cpp">
      <Filter>Entity3D</Filter>
    </ClCompile>
    <ClCompile Include="Scene\Import3D.cpp">
      <Filter>Scene</Filter>
    </ClCompile>
    <ClCompile Include="Entity3D\Node.cpp">
      <Filter>Entity3D</Filter>
    </ClCompile>
    <ClCompile Include="Renderer\AABB.cpp">
      <Filter>Renderer</Filter>
    </ClCompile>
    <ClCompile Include="Physics\Physics.cpp">
      <Filter>Physics</Filter>
    </ClCompile>
  </ItemGroup>
  <ItemGroup>
    <ClInclude Include="Entity2D\Animation.h">
      <Filter>Entity2D</Filter>
    </ClInclude>
    <ClInclude Include="Entity2D\Entity2D.h">
      <Filter>Entity2D</Filter>
    </ClInclude>
    <ClInclude Include="Entity2D\Quad.h">
      <Filter>Entity2D</Filter>
    </ClInclude>
    <ClInclude Include="Entity2D\Sprite.h">
      <Filter>Entity2D</Filter>
    </ClInclude>
    <ClInclude Include="Renderer\Renderer.h">
      <Filter>Renderer</Filter>
    </ClInclude>
    <ClInclude Include="Renderer\RenderTypes.h">
      <Filter>Renderer</Filter>
    </ClInclude>
    <ClInclude Include="Renderer\Vertexbuffer.h">
      <Filter>Renderer</Filter>
    </ClInclude>
    <ClInclude Include="Renderer\Window.h">
      <Filter>Renderer</Filter>
    </ClInclude>
    <ClInclude Include="Renderer\xMath.h">
      <Filter>Renderer</Filter>
    </ClInclude>
    <ClInclude Include="Input\directinput.h">
      <Filter>Input</Filter>
    </ClInclude>
    <ClInclude Include="Input\input.h">
      <Filter>Input</Filter>
    </ClInclude>
    <ClInclude Include="Timer\timer.h">
      <Filter>Timer</Filter>
    </ClInclude>
    <ClInclude Include="Engine.h">
      <Filter>Source Files</Filter>
    </ClInclude>
    <ClInclude Include="Game.h">
      <Filter>Source Files</Filter>
    </ClInclude>
    <ClInclude Include="myengine_api.h">
      <Filter>Source Files</Filter>
    </ClInclude>
    <ClInclude Include="Scene\Scene.h">
      <Filter>Scene</Filter>
    </ClInclude>
    <ClInclude Include="Scene\Import.h">
      <Filter>Scene</Filter>
    </ClInclude>
    <ClInclude Include="xml\tinyxml2.h">
      <Filter>xml</Filter>
    </ClInclude>
    <ClInclude Include="Font.h">
      <Filter>Source Files</Filter>
    </ClInclude>
    <ClInclude Include="Camera\Camera.h">
      <Filter>Camera</Filter>
    </ClInclude>
    <ClInclude Include="VertexBuffer\indexbuffer.h">
      <Filter>VertexBuffer</Filter>
    </ClInclude>
    <ClInclude Include="Entity3D\Entity3D.h">
      <Filter>Entity3D</Filter>
    </ClInclude>
    <ClInclude Include="VertexBuffer\vertexbuffer3D.h">
      <Filter>VertexBuffer</Filter>
    </ClInclude>
    <ClInclude Include="Entity3D\Mesh.h">
      <Filter>Entity3D</Filter>
    </ClInclude>
    <ClInclude Include="Scene\Import3D.h">
      <Filter>Scene</Filter>
    </ClInclude>
    <ClInclude Include="Entity3D\Node.h">
      <Filter>Entity3D</Filter>
    </ClInclude>
    <ClInclude Include="Renderer\AABB.h">
      <Filter>Renderer</Filter>
    </ClInclude>
    <ClInclude Include="Physics\Physics.h">
      <Filter>Physics</Filter>
    </ClInclude>
  </ItemGroup>
  <ItemGroup>
    <None Include="Input\input.inl">
      <Filter>Input</Filter>
    </None>
    <None Include="Timer\timer.inl">
      <Filter>Timer</Filter>
    </None>
    <None Include="VertexBuffer\indexbuffer.inl">
      <Filter>VertexBuffer</Filter>
    </None>
    <None Include="VertexBuffer\vertexbuffer3D.inl">
      <Filter>VertexBuffer</Filter>
    </None>
  </ItemGroup>
</Project>